hash: 7f59703a2664265dacfd23f91c82a4c9c691ee5703b36751c37afd55137df51c
updated: 2019-04-10T09:49:10.392649-04:00
imports:
- name: cloud.google.com/go
  version: e6e4ae65f1354d2a13cc42f03bfd6b33c11f3cb2
  subpackages:
  - compute/metadata
  - errorreporting
  - errorreporting/apiv1beta1
  - firestore
  - firestore/apiv1
  - iam
  - internal
  - internal/btree
  - internal/fields
  - internal/optional
  - internal/trace
  - internal/version
  - logging
  - logging/apiv2
  - logging/internal
  - storage
- name: firebase.google.com/go
  version: c9b5e064033ed12864bf07d9bb34249087617130
  subpackages:
  - auth
  - db
  - iid
  - internal
  - messaging
  - storage
- name: github.com/golang/protobuf
  version: 882cf97a83ad205fd22af574246a3bc647d7a7d2
  subpackages:
  - proto
  - protoc-gen-go/descriptor
  - ptypes
  - ptypes/any
  - ptypes/duration
  - ptypes/empty
  - ptypes/struct
  - ptypes/timestamp
  - ptypes/wrappers
- name: github.com/googleapis/gax-go
  version: beaecbbdd8af86aa3acf14180d53828ce69400b2
  subpackages:
  - v2
- name: github.com/hashicorp/golang-lru
  version: 7087cb70de9f7a8bc0a10c375cb0d2280a8edf9c
  subpackages:
  - simplelru
- name: github.com/julienschmidt/httprouter
  version: 348b672cd90d8190f8240323e372ecd1e66b59dc
- name: github.com/konsorten/go-windows-terminal-sequences
  version: f55edac94c9bbba5d6182a4be46d86a2c9b5b50e
- name: github.com/nu7hatch/gouuid
  version: 179d4d0c4d8d407a32af483c2354df1d2c91e6c3
- name: github.com/sirupsen/logrus
  version: 9b3cdde74fbe9443d704467498a7dcb61a79de9b
- name: go.opencensus.io
  version: 75c0cca22312e51bfd4fafdbe9197ae399e18b38
  subpackages:
  - internal
  - internal/tagencoding
  - metric/metricdata
  - metric/metricproducer
  - plugin/ocgrpc
  - plugin/ochttp
  - plugin/ochttp/propagation/b3
  - resource
  - stats
  - stats/internal
  - stats/view
  - tag
  - trace
  - trace/internal
  - trace/propagation
  - trace/tracestate
- name: golang.org/x/net
  version: eb5bcb51f2a31c7d5141d810b70815c05d9c9146
  subpackages:
  - context
  - context/ctxhttp
  - http/httpguts
  - http2
  - http2/hpack
  - idna
  - internal/timeseries
  - trace
- name: golang.org/x/oauth2
  version: 9f3314589c9a9136388751d9adae6b0ed400978a
  subpackages:
  - google
  - internal
  - jws
  - jwt
- name: golang.org/x/sync
  version: e225da77a7e68af35c70ccbf71af2b83e6acac3c
  subpackages:
  - semaphore
- name: golang.org/x/sys
  version: ec83556a53fe16b65c452a104ea9d1e86a671852
  subpackages:
  - unix
- name: golang.org/x/text
  version: f4905fbd45b6790792202848439271c74074bbfd
  subpackages:
  - secure/bidirule
  - transform
  - unicode/bidi
  - unicode/norm
- name: google.golang.org/api
  version: 6d1d6519126dbfb2fb9f98b6e4d3cf84a32c105b
  subpackages:
  - gensupport
  - googleapi
  - googleapi/internal/uritemplates
  - googleapi/transport
  - identitytoolkit/v3
  - internal
  - iterator
  - option
  - storage/v1
  - support/bundler
  - transport
  - transport/grpc
  - transport/http
  - transport/http/internal/propagation
- name: google.golang.org/appengine
  version: e9657d882bb81064595ca3b56cbe2546bbabf7b1
  subpackages:
  - internal
  - internal/app_identity
  - internal/base
  - internal/datastore
  - internal/log
  - internal/modules
  - internal/remote_api
  - internal/socket
  - internal/urlfetch
  - socket
  - urlfetch
- name: google.golang.org/genproto
  version: 64821d5d210748c883cd2b809589555ae4654203
  subpackages:
  - googleapis/api
  - googleapis/api/annotations
  - googleapis/api/distribution
  - googleapis/api/label
  - googleapis/api/metric
  - googleapis/api/monitoredres
  - googleapis/devtools/clouderrorreporting/v1beta1
  - googleapis/firestore/v1
  - googleapis/iam/v1
  - googleapis/logging/type
  - googleapis/logging/v2
  - googleapis/rpc/code
  - googleapis/rpc/status
  - googleapis/type/latlng
  - protobuf/field_mask
- name: google.golang.org/grpc
  version: e33051174bc15b756823131f1161f46a4b265c3a
  subpackages:
  - balancer
  - balancer/base
  - balancer/roundrobin
  - binarylog/grpc_binarylog_v1
  - codes
  - connectivity
  - credentials
  - credentials/internal
  - credentials/oauth
  - encoding
  - encoding/proto
  - grpclog
  - internal
  - internal/backoff
  - internal/balancerload
  - internal/binarylog
  - internal/channelz
  - internal/envconfig
  - internal/grpcrand
  - internal/grpcsync
  - internal/syscall
  - internal/transport
  - keepalive
  - metadata
  - naming
  - peer
  - resolver
  - resolver/dns
  - resolver/passthrough
  - stats
  - status
  - tap
testImports: []
